{
  "version": 4,
  "terraform_version": "1.6.4",
  "serial": 35,
  "lineage": "f91b0956-8d06-fb50-e02f-12d6ab6c8dfd",
  "outputs": {
    "public_ip_address": {
      "value": "",
      "type": "string"
    }
  },
  "resources": [
    {
      "mode": "data",
      "type": "azurerm_public_ip",
      "name": "external",
      "provider": "provider[\"registry.terraform.io/hashicorp/azurerm\"]",
      "instances": [
        {
          "schema_version": 0,
          "attributes": {
            "allocation_method": "Dynamic",
            "ddos_protection_mode": "VirtualNetworkInherited",
            "ddos_protection_plan_id": null,
            "domain_name_label": "",
            "fqdn": "",
            "id": "/subscriptions/6fea5c6b-073f-4a0d-9a56-51e719c4b283/resourceGroups/resource-group-juan-gutierrez/providers/Microsoft.Network/publicIPAddresses/external-public-ip",
            "idle_timeout_in_minutes": 30,
            "ip_address": "",
            "ip_tags": {},
            "ip_version": "IPv4",
            "location": "eastus",
            "name": "external-public-ip",
            "resource_group_name": "resource-group-juan-gutierrez",
            "reverse_fqdn": "",
            "sku": "Basic",
            "tags": {},
            "timeouts": null,
            "zones": []
          },
          "sensitive_attributes": []
        }
      ]
    },
    {
      "mode": "managed",
      "type": "azurerm_linux_virtual_machine",
      "name": "main",
      "provider": "provider[\"registry.terraform.io/hashicorp/azurerm\"]",
      "instances": [
        {
          "schema_version": 0,
          "attributes": {
            "additional_capabilities": [],
            "admin_password": "Abc123",
            "admin_ssh_key": [
              {
                "public_key": "ssh-rsa AAAAB3NzaC1yc2EAAAADAQABAAABgQDGPjY1zJOvGRxsvqvIoDceqv8Fmw6heo9vtWv4uXdhcWBaqnBuhhFqGsMNva2F4hQBjU09sm+vPv2YDm0RGSdy9BOGBHVZKhYedktJeHGEBYUKTZitG9XS4Fjy7/hY1yO3uT0i/ZbBXEFoR8GaCxEmg6v8Wrru7xGcfDesEH9YOzWbaVzXNTvlYUWC6jfAffS2xaLnl3mkWtaYh37t9HNmiTjvTefIV/SyiFo9wAITZYlU/MnSZRbBnX2FMZ5HSlthFuYsnmvzwsmVeF7yWmi0JSrOpsWjeG29UcixulURkjwstawm3rCczvOuTGrIBcWPg1Za8UkOa+kmcPi2TpgxKsV+KpJGv984ZmiRnw4Dfi+i6KuHB1hmp+SNK3rZs/OD1O/ue1OY8n48rqEZDCo9Hwvw8pfpLOq9Ek95ayAXlswVPseiceLvC6Un140dCLI1CSh3UCxTjnh3PuqXgKXALbocjoKBBw0HcH18zSwQCcchbDENThMPoSSlFgH6GUs= devops1@devops1-Inspiron-3501\n",
                "username": "adminuser"
              }
            ],
            "admin_username": "adminuser",
            "allow_extension_operations": true,
            "availability_set_id": "",
            "boot_diagnostics": [],
            "bypass_platform_safety_checks_on_user_schedule_enabled": false,
            "capacity_reservation_group_id": "",
            "computer_name": "tf-juan-vm",
            "custom_data": null,
            "dedicated_host_group_id": "",
            "dedicated_host_id": "",
            "disable_password_authentication": false,
            "edge_zone": "",
            "encryption_at_host_enabled": false,
            "eviction_policy": "",
            "extensions_time_budget": "PT1H30M",
            "gallery_application": [],
            "id": "/subscriptions/6fea5c6b-073f-4a0d-9a56-51e719c4b283/resourceGroups/resource-group-juan-gutierrez/providers/Microsoft.Compute/virtualMachines/tf-juan-vm",
            "identity": [],
            "license_type": "",
            "location": "eastus",
            "max_bid_price": -1,
            "name": "tf-juan-vm",
            "network_interface_ids": [
              "/subscriptions/6fea5c6b-073f-4a0d-9a56-51e719c4b283/resourceGroups/resource-group-juan-gutierrez/providers/Microsoft.Network/networkInterfaces/tf-juan-nic"
            ],
            "os_disk": [
              {
                "caching": "ReadWrite",
                "diff_disk_settings": [],
                "disk_encryption_set_id": "",
                "disk_size_gb": 30,
                "name": "tf-juan-vm_disk1_861549f981e04cceb762e4b8ff6cee1d",
                "secure_vm_disk_encryption_set_id": "",
                "security_encryption_type": "",
                "storage_account_type": "Standard_LRS",
                "write_accelerator_enabled": false
              }
            ],
            "patch_assessment_mode": "ImageDefault",
            "patch_mode": "ImageDefault",
            "plan": [],
            "platform_fault_domain": -1,
            "priority": "Regular",
            "private_ip_address": "10.0.2.4",
            "private_ip_addresses": [
              "10.0.2.4"
            ],
            "provision_vm_agent": true,
            "proximity_placement_group_id": "",
            "public_ip_address": "52.147.205.99",
            "public_ip_addresses": [
              "52.147.205.99"
            ],
            "reboot_setting": "",
            "resource_group_name": "resource-group-juan-gutierrez",
            "secret": [],
            "secure_boot_enabled": false,
            "size": "Standard_D2s_v3",
            "source_image_id": "",
            "source_image_reference": [
              {
                "offer": "UbuntuServer",
                "publisher": "Canonical",
                "sku": "18.04-LTS",
                "version": "latest"
              }
            ],
            "tags": null,
            "termination_notification": null,
            "timeouts": null,
            "user_data": "",
            "virtual_machine_id": "8f4ac509-5b8f-4fe6-89d8-41bd413f55f2",
            "virtual_machine_scale_set_id": "",
            "vtpm_enabled": false,
            "zone": ""
          },
          "sensitive_attributes": [],
          "private": "eyJlMmJmYjczMC1lY2FhLTExZTYtOGY4OC0zNDM2M2JjN2M0YzAiOnsiY3JlYXRlIjoyNzAwMDAwMDAwMDAwLCJkZWxldGUiOjI3MDAwMDAwMDAwMDAsInJlYWQiOjMwMDAwMDAwMDAwMCwidXBkYXRlIjoyNzAwMDAwMDAwMDAwfX0=",
          "dependencies": [
            "azurerm_network_interface.main",
            "azurerm_public_ip.external",
            "azurerm_subnet.internal",
            "azurerm_virtual_network.main"
          ]
        }
      ]
    },
    {
      "mode": "managed",
      "type": "azurerm_network_interface",
      "name": "main",
      "provider": "provider[\"registry.terraform.io/hashicorp/azurerm\"]",
      "instances": [
        {
          "schema_version": 0,
          "attributes": {
            "applied_dns_servers": [],
            "auxiliary_mode": "",
            "auxiliary_sku": "",
            "dns_servers": [],
            "edge_zone": "",
            "enable_accelerated_networking": false,
            "enable_ip_forwarding": false,
            "id": "/subscriptions/6fea5c6b-073f-4a0d-9a56-51e719c4b283/resourceGroups/resource-group-juan-gutierrez/providers/Microsoft.Network/networkInterfaces/tf-juan-nic",
            "internal_dns_name_label": "",
            "internal_domain_name_suffix": "0gpwdyeevirejjirf2fveitfhd.bx.internal.cloudapp.net",
            "ip_configuration": [
              {
                "gateway_load_balancer_frontend_ip_configuration_id": "",
                "name": "internal",
                "primary": true,
                "private_ip_address": "10.0.2.4",
                "private_ip_address_allocation": "Dynamic",
                "private_ip_address_version": "IPv4",
                "public_ip_address_id": "/subscriptions/6fea5c6b-073f-4a0d-9a56-51e719c4b283/resourceGroups/resource-group-juan-gutierrez/providers/Microsoft.Network/publicIPAddresses/external-public-ip",
                "subnet_id": "/subscriptions/6fea5c6b-073f-4a0d-9a56-51e719c4b283/resourceGroups/resource-group-juan-gutierrez/providers/Microsoft.Network/virtualNetworks/tf-juan-network/subnets/internal"
              }
            ],
            "location": "eastus",
            "mac_address": "",
            "name": "tf-juan-nic",
            "private_ip_address": "10.0.2.4",
            "private_ip_addresses": [
              "10.0.2.4"
            ],
            "resource_group_name": "resource-group-juan-gutierrez",
            "tags": null,
            "timeouts": null,
            "virtual_machine_id": ""
          },
          "sensitive_attributes": [],
          "private": "eyJlMmJmYjczMC1lY2FhLTExZTYtOGY4OC0zNDM2M2JjN2M0YzAiOnsiY3JlYXRlIjoxODAwMDAwMDAwMDAwLCJkZWxldGUiOjE4MDAwMDAwMDAwMDAsInJlYWQiOjMwMDAwMDAwMDAwMCwidXBkYXRlIjoxODAwMDAwMDAwMDAwfX0=",
          "dependencies": [
            "azurerm_public_ip.external",
            "azurerm_subnet.internal",
            "azurerm_virtual_network.main"
          ]
        }
      ]
    },
    {
      "mode": "managed",
      "type": "azurerm_public_ip",
      "name": "external",
      "provider": "provider[\"registry.terraform.io/hashicorp/azurerm\"]",
      "instances": [
        {
          "schema_version": 0,
          "attributes": {
            "allocation_method": "Dynamic",
            "ddos_protection_mode": "VirtualNetworkInherited",
            "ddos_protection_plan_id": null,
            "domain_name_label": null,
            "edge_zone": "",
            "fqdn": null,
            "id": "/subscriptions/6fea5c6b-073f-4a0d-9a56-51e719c4b283/resourceGroups/resource-group-juan-gutierrez/providers/Microsoft.Network/publicIPAddresses/external-public-ip",
            "idle_timeout_in_minutes": 30,
            "ip_address": "",
            "ip_tags": null,
            "ip_version": "IPv4",
            "location": "eastus",
            "name": "external-public-ip",
            "public_ip_prefix_id": null,
            "resource_group_name": "resource-group-juan-gutierrez",
            "reverse_fqdn": null,
            "sku": "Basic",
            "sku_tier": "Regional",
            "tags": null,
            "timeouts": null,
            "zones": null
          },
          "sensitive_attributes": [],
          "private": "eyJlMmJmYjczMC1lY2FhLTExZTYtOGY4OC0zNDM2M2JjN2M0YzAiOnsiY3JlYXRlIjoxODAwMDAwMDAwMDAwLCJkZWxldGUiOjE4MDAwMDAwMDAwMDAsInJlYWQiOjMwMDAwMDAwMDAwMCwidXBkYXRlIjoxODAwMDAwMDAwMDAwfX0="
        }
      ]
    },
    {
      "mode": "managed",
      "type": "azurerm_subnet",
      "name": "internal",
      "provider": "provider[\"registry.terraform.io/hashicorp/azurerm\"]",
      "instances": [
        {
          "schema_version": 0,
          "attributes": {
            "address_prefixes": [
              "10.0.2.0/24"
            ],
            "delegation": [],
            "enforce_private_link_endpoint_network_policies": false,
            "enforce_private_link_service_network_policies": false,
            "id": "/subscriptions/6fea5c6b-073f-4a0d-9a56-51e719c4b283/resourceGroups/resource-group-juan-gutierrez/providers/Microsoft.Network/virtualNetworks/tf-juan-network/subnets/internal",
            "name": "internal",
            "private_endpoint_network_policies_enabled": true,
            "private_link_service_network_policies_enabled": true,
            "resource_group_name": "resource-group-juan-gutierrez",
            "service_endpoint_policy_ids": null,
            "service_endpoints": null,
            "timeouts": null,
            "virtual_network_name": "tf-juan-network"
          },
          "sensitive_attributes": [],
          "private": "eyJlMmJmYjczMC1lY2FhLTExZTYtOGY4OC0zNDM2M2JjN2M0YzAiOnsiY3JlYXRlIjoxODAwMDAwMDAwMDAwLCJkZWxldGUiOjE4MDAwMDAwMDAwMDAsInJlYWQiOjMwMDAwMDAwMDAwMCwidXBkYXRlIjoxODAwMDAwMDAwMDAwfX0=",
          "dependencies": [
            "azurerm_virtual_network.main"
          ]
        }
      ]
    },
    {
      "mode": "managed",
      "type": "azurerm_virtual_network",
      "name": "main",
      "provider": "provider[\"registry.terraform.io/hashicorp/azurerm\"]",
      "instances": [
        {
          "schema_version": 0,
          "attributes": {
            "address_space": [
              "10.0.0.0/22"
            ],
            "bgp_community": "",
            "ddos_protection_plan": [],
            "dns_servers": [],
            "edge_zone": "",
            "encryption": [],
            "flow_timeout_in_minutes": 0,
            "guid": "e0619fd1-aa84-4422-a511-2f0b5222653b",
            "id": "/subscriptions/6fea5c6b-073f-4a0d-9a56-51e719c4b283/resourceGroups/resource-group-juan-gutierrez/providers/Microsoft.Network/virtualNetworks/tf-juan-network",
            "location": "eastus",
            "name": "tf-juan-network",
            "resource_group_name": "resource-group-juan-gutierrez",
            "subnet": [],
            "tags": null,
            "timeouts": null
          },
          "sensitive_attributes": [],
          "private": "eyJlMmJmYjczMC1lY2FhLTExZTYtOGY4OC0zNDM2M2JjN2M0YzAiOnsiY3JlYXRlIjoxODAwMDAwMDAwMDAwLCJkZWxldGUiOjE4MDAwMDAwMDAwMDAsInJlYWQiOjMwMDAwMDAwMDAwMCwidXBkYXRlIjoxODAwMDAwMDAwMDAwfX0="
        }
      ]
    }
  ],
  "check_results": null
}
